# generated by rye
# use `rye lock` or `rye sync` to update this lockfile
#
# last locked with the following flags:
#   pre: false
#   features: []
#   all-features: false
#   with-sources: false

-e file:.
anyio==4.3.0
    # via httpx
certifi==2024.2.2
    # via httpcore
    # via httpx
    # via requests
cfgv==3.4.0
    # via pre-commit
charset-normalizer==3.3.2
    # via requests
click==8.1.7
    # via ytr2md
colorama==0.4.6
    # via click
distlib==0.3.8
    # via virtualenv
filelock==3.13.4
    # via virtualenv
h11==0.14.0
    # via httpcore
h2==4.1.0
    # via httpx
hpack==4.0.0
    # via h2
httpcore==1.0.5
    # via httpx
httpx==0.27.0
    # via ytr2md
hyperframe==6.0.1
    # via h2
identify==2.5.35
    # via pre-commit
idna==3.7
    # via anyio
    # via httpx
    # via requests
markdown-it-py==3.0.0
    # via rich
mdurl==0.1.2
    # via markdown-it-py
nodeenv==1.8.0
    # via pre-commit
platformdirs==4.2.0
    # via virtualenv
pre-commit==3.7.0
pygments==2.17.2
    # via rich
pyyaml==6.0.1
    # via pre-commit
requests==2.31.0
    # via youtube-transcript-api
rich==13.7.1
    # via ytr2md
ruff==0.3.5
setuptools==69.2.0
    # via nodeenv
sniffio==1.3.1
    # via anyio
    # via httpx
urllib3==2.2.1
    # via requests
virtualenv==20.25.1
    # via pre-commit
youtube-transcript-api==0.6.2
    # via ytr2md
